{
  "name": "lifeshow",
  "version": "1.0.0",
  "lockfileVersion": 1,
  "requires": true,
  "dependencies": {
    "@miniprogram-component-plus/video-swiper": {
      "version": "1.0.1",
      "resolved": "https://registry.npmjs.org/@miniprogram-component-plus/video-swiper/-/video-swiper-1.0.1.tgz",
      "integrity": "sha512-1rlmsS3/TR0Zu0nZHwEwb9UCQWY/ofPv73zU56FLfZh72Xw+BcIzfohrDxrGs5QpoL4KCLl9G7UB5w+3ZRSZzQ=="
    },
    "@vant/weapp": {
      "version": "1.0.7",
      "resolved": "https://registry.npmjs.org/@vant/weapp/-/weapp-1.0.7.tgz",
      "integrity": "sha512-F7gkcVKLTh4Pt17ukZnpZmn78CbtfmUtxSZif02ysyXZmqtAf1aAUffL3i1y+qzGWCXF4y/OVkOBVQVrKHI4MA=="
    }
  }
}
